
Microsoft Visual Studio Solution File, Format Version 12.00
# Visual Studio Version 16
VisualStudioVersion = 16.0.34301.259
MinimumVisualStudioVersion = 10.0.40219.1
Project("{FAE04EC0-301F-11D3-BF4B-00C04F79EFBC}") = "WebApplication", "WebApplication\WebApplication.csproj", "{CDD5C177-A185-46BE-80E6-663D9B1EEFDD}"
EndProject
Project("{FAE04EC0-301F-11D3-BF4B-00C04F79EFBC}") = "WebAPI", "WebAPI\WebAPI.csproj", "{ECF1F23E-7819-4967-B423-49E49B8709C4}"
EndProject
Global
	GlobalSection(SolutionConfigurationPlatforms) = preSolution
		Debug|Any CPU = Debug|Any CPU
		Release|Any CPU = Release|Any CPU
	EndGlobalSection
	GlobalSection(ProjectConfigurationPlatforms) = postSolution
		{CDD5C177-A185-46BE-80E6-663D9B1EEFDD}.Debug|Any CPU.ActiveCfg = Debug|Any CPU
		{CDD5C177-A185-46BE-80E6-663D9B1EEFDD}.Debug|Any CPU.Build.0 = Debug|Any CPU
		{CDD5C177-A185-46BE-80E6-663D9B1EEFDD}.Release|Any CPU.ActiveCfg = Release|Any CPU
		{CDD5C177-A185-46BE-80E6-663D9B1EEFDD}.Release|Any CPU.Build.0 = Release|Any CPU
		{ECF1F23E-7819-4967-B423-49E49B8709C4}.Debug|Any CPU.ActiveCfg = Debug|Any CPU
		{ECF1F23E-7819-4967-B423-49E49B8709C4}.Debug|Any CPU.Build.0 = Debug|Any CPU
		{ECF1F23E-7819-4967-B423-49E49B8709C4}.Release|Any CPU.ActiveCfg = Release|Any CPU
		{ECF1F23E-7819-4967-B423-49E49B8709C4}.Release|Any CPU.Build.0 = Release|Any CPU
	EndGlobalSection
	GlobalSection(SolutionProperties) = preSolution
		HideSolutionNode = FALSE
	EndGlobalSection
	GlobalSection(ExtensibilityGlobals) = postSolution
		SolutionGuid = {57D2B024-EB71-476C-9375-D0297980DF8B}
	EndGlobalSection
EndGlobal
